
Microsoft Visual Studio Solution File, Format Version 12.00
# Visual Studio Version 17
VisualStudioVersion = 17.7.34024.191
MinimumVisualStudioVersion = 10.0.40219.1
Project("{9A19103F-16F7-4668-BE54-9A1E7A4F7556}") = "LMSV1", "LMSV1.csproj", "{2DBE5C74-C37B-4A88-B705-A76AE4408316}"
EndProject
Project("{FAE04EC0-301F-11D3-BF4B-00C04F79EFBC}") = "LMSV1Test", "..\LSMV1Test\LMSV1Test.csproj", "{0C085A0C-2110-497A-997E-1C570F8CD15A}"
EndProject
Global
	GlobalSection(SolutionConfigurationPlatforms) = preSolution
		Debug|Any CPU = Debug|Any CPU
		Release|Any CPU = Release|Any CPU
	EndGlobalSection
	GlobalSection(ProjectConfigurationPlatforms) = postSolution
		{2DBE5C74-C37B-4A88-B705-A76AE4408316}.Debug|Any CPU.ActiveCfg = Debug|Any CPU
		{2DBE5C74-C37B-4A88-B705-A76AE4408316}.Debug|Any CPU.Build.0 = Debug|Any CPU
		{2DBE5C74-C37B-4A88-B705-A76AE4408316}.Release|Any CPU.ActiveCfg = Release|Any CPU
		{2DBE5C74-C37B-4A88-B705-A76AE4408316}.Release|Any CPU.Build.0 = Release|Any CPU
		{0C085A0C-2110-497A-997E-1C570F8CD15A}.Debug|Any CPU.ActiveCfg = Debug|Any CPU
		{0C085A0C-2110-497A-997E-1C570F8CD15A}.Debug|Any CPU.Build.0 = Debug|Any CPU
		{0C085A0C-2110-497A-997E-1C570F8CD15A}.Release|Any CPU.ActiveCfg = Release|Any CPU
		{0C085A0C-2110-497A-997E-1C570F8CD15A}.Release|Any CPU.Build.0 = Release|Any CPU
	EndGlobalSection
	GlobalSection(SolutionProperties) = preSolution
		HideSolutionNode = FALSE
	EndGlobalSection
	GlobalSection(ExtensibilityGlobals) = postSolution
		SolutionGuid = {0D75AD66-C458-4AC5-8C26-202C573E56B5}
	EndGlobalSection
EndGlobal
